<?xml version="1.0" encoding="utf-8"?>
<Project ToolsVersion="4.0" xmlns="http://schemas.microsoft.com/developer/msbuild/2003">
  <ItemGroup>
    <Filter Include="Fichiers sources">
      <UniqueIdentifier>{4FC737F1-C7A5-4376-A066-2A32D752A2FF}</UniqueIdentifier>
      <Extensions>cpp;c;cc;cxx;c++;cppm;ixx;def;odl;idl;hpj;bat;asm;asmx</Extensions>
    </Filter>
    <Filter Include="Fichiers d%27en-tête">
      <UniqueIdentifier>{93995380-89BD-4b04-88EB-625FBE52EBFB}</UniqueIdentifier>
      <Extensions>h;hh;hpp;hxx;h++;hm;inl;inc;ipp;xsd</Extensions>
    </Filter>
    <Filter Include="Fichiers de ressources">
      <UniqueIdentifier>{67DA6AB6-F800-4c08-8B7A-83BB121AAD01}</UniqueIdentifier>
      <Extensions>rc;ico;cur;bmp;dlg;rc2;rct;bin;rgs;gif;jpg;jpeg;jpe;resx;tiff;tif;png;wav;mfcribbon-ms</Extensions>
    </Filter>
    <Filter Include="Fichiers sources\managers">
      <UniqueIdentifier>{e64ed747-a91a-4b40-858b-123380c2f2b6}</UniqueIdentifier>
    </Filter>
    <Filter Include="Fichiers sources\states">
      <UniqueIdentifier>{cb1dd84a-e628-485d-a5b1-14a0e8cc9899}</UniqueIdentifier>
    </Filter>
    <Filter Include="Fichiers d%27en-tête\managers">
      <UniqueIdentifier>{6add2238-dcf7-46f3-bbe3-5f47cd4d13a5}</UniqueIdentifier>
    </Filter>
    <Filter Include="Fichiers d%27en-tête\states">
      <UniqueIdentifier>{7c833e95-eb20-486c-bb81-3200675644ce}</UniqueIdentifier>
    </Filter>
    <Filter Include="Fichiers d%27en-tête\states\enfant">
      <UniqueIdentifier>{2e2d809c-a666-407f-8b12-51547df97e27}</UniqueIdentifier>
    </Filter>
    <Filter Include="Fichiers sources\states\enfant">
      <UniqueIdentifier>{86a73b5c-b19d-482b-93c3-d4067166dcce}</UniqueIdentifier>
    </Filter>
    <Filter Include="Fichiers sources\Components">
      <UniqueIdentifier>{9957b775-f57d-43db-a053-4ad4d9b31a9a}</UniqueIdentifier>
    </Filter>
    <Filter Include="Fichiers d%27en-tête\Components">
      <UniqueIdentifier>{35546901-f2c8-4ba3-8672-012248383ef8}</UniqueIdentifier>
    </Filter>
    <Filter Include="Fichiers d%27en-tête\Components\inGameMenu">
      <UniqueIdentifier>{d5b1cffa-8812-4313-a8d3-b35646095cfc}</UniqueIdentifier>
    </Filter>
    <Filter Include="Fichiers sources\Components\inGameMenu">
      <UniqueIdentifier>{94afda1d-8a06-480c-adbe-3ea278db14b9}</UniqueIdentifier>
    </Filter>
    <Filter Include="Fichiers d%27en-tête\Map">
      <UniqueIdentifier>{65dd9ec4-4d06-41f4-88ae-34756e881c16}</UniqueIdentifier>
    </Filter>
    <Filter Include="Fichiers d%27en-tête\Components\Entity">
      <UniqueIdentifier>{967c3d62-c80e-429d-bf10-f090c6eef393}</UniqueIdentifier>
    </Filter>
    <Filter Include="Fichiers sources\Components\Map">
      <UniqueIdentifier>{2fda0ed6-1ab9-447c-8353-0069c6df8915}</UniqueIdentifier>
    </Filter>
    <Filter Include="Fichiers sources\Components\Entity">
      <UniqueIdentifier>{2b110c2c-b6dd-4b43-9543-6d45a1206bfd}</UniqueIdentifier>
    </Filter>
    <Filter Include="Fichiers d%27en-tête\Components\Entity\Player">
      <UniqueIdentifier>{13e3db69-515a-4b5a-a6ae-ad00e749b349}</UniqueIdentifier>
    </Filter>
    <Filter Include="Fichiers sources\Components\Entity\Player">
      <UniqueIdentifier>{b128401f-456d-42bc-8f39-0b674dba40de}</UniqueIdentifier>
    </Filter>
    <Filter Include="Fichiers d%27en-tête\tools">
      <UniqueIdentifier>{16284725-259b-4b39-bf4e-7ae124f1040f}</UniqueIdentifier>
    </Filter>
    <Filter Include="Fichiers sources\tools">
      <UniqueIdentifier>{aa821408-96c3-4590-b51f-c4b216871fcb}</UniqueIdentifier>
    </Filter>
    <Filter Include="Fichiers d%27en-tête\Components\Pokemons">
      <UniqueIdentifier>{de56e086-f85b-4c78-8de4-edf1bbe03012}</UniqueIdentifier>
    </Filter>
    <Filter Include="Fichiers sources\Components\Pokemons">
      <UniqueIdentifier>{5ebf5fec-5e78-448f-9a67-89e083f15a3b}</UniqueIdentifier>
    </Filter>
    <Filter Include="Fichiers sources\states\enfant\combat">
      <UniqueIdentifier>{1d096997-275d-48f1-a46e-ac4ce3135edf}</UniqueIdentifier>
    </Filter>
    <Filter Include="Fichiers d%27en-tête\states\enfant\combat">
      <UniqueIdentifier>{5c903300-7186-4cc9-b486-b1d61607f942}</UniqueIdentifier>
    </Filter>
    <Filter Include="Fichiers d%27en-tête\Components\Entity\PNJ">
      <UniqueIdentifier>{d18d58c3-78b8-4a76-9d27-b60fb136085d}</UniqueIdentifier>
    </Filter>
    <Filter Include="Fichiers sources\Components\Entity\PNJ">
      <UniqueIdentifier>{bfd8e50c-07f6-41dd-a217-12b2f3bd0619}</UniqueIdentifier>
    </Filter>
    <Filter Include="Fichiers d%27en-tête\Components\Pokemons\Item">
      <UniqueIdentifier>{f262620f-eede-4697-8426-824db36ea6fa}</UniqueIdentifier>
    </Filter>
    <Filter Include="Fichiers sources\Components\Pokemons\Item">
      <UniqueIdentifier>{39e99cf1-40ac-4dfd-8c60-e5fae0b755cb}</UniqueIdentifier>
    </Filter>
    <Filter Include="Fichiers sources\Components\Pokemons\Item\enfant">
      <UniqueIdentifier>{1d14ee99-2646-497a-8a31-f03de0311cd8}</UniqueIdentifier>
    </Filter>
    <Filter Include="Fichiers d%27en-tête\Components\Pokemons\Item\enfant">
      <UniqueIdentifier>{8a399fcf-cc8d-40f7-94bf-31b824d9e57c}</UniqueIdentifier>
    </Filter>
    <Filter Include="Fichiers sources\Components\Inventory">
      <UniqueIdentifier>{14412f9d-0e9e-45ff-9438-9e959c9bc7a2}</UniqueIdentifier>
    </Filter>
    <Filter Include="Fichiers sources\Components\Inventory\enfant">
      <UniqueIdentifier>{31eb35b9-7925-4ff3-ba56-5583d20080cd}</UniqueIdentifier>
    </Filter>
    <Filter Include="Fichiers d%27en-tête\Components\Inventory">
      <UniqueIdentifier>{add45537-e284-4f2d-971e-6550c879e854}</UniqueIdentifier>
    </Filter>
    <Filter Include="Fichiers d%27en-tête\Components\Inventory\enfant">
      <UniqueIdentifier>{08f02887-a00f-46b4-bb33-cbc4ce6930a8}</UniqueIdentifier>
    </Filter>
    <Filter Include="Fichiers d%27en-tête\states\enfant\combat\enfant">
      <UniqueIdentifier>{5f1d349e-9452-478f-b51f-d00eb4c697d1}</UniqueIdentifier>
    </Filter>
    <Filter Include="Fichiers sources\states\enfant\combat\enfant">
      <UniqueIdentifier>{059a6a41-d971-459f-a0fa-36f08cc6955e}</UniqueIdentifier>
    </Filter>
  </ItemGroup>
  <ItemGroup>
    <ClCompile Include="source.cpp">
      <Filter>Fichiers sources</Filter>
    </ClCompile>
    <ClCompile Include="GameState.cpp">
      <Filter>Fichiers sources\states\enfant</Filter>
    </ClCompile>
    <ClCompile Include="State.cpp">
      <Filter>Fichiers sources\states</Filter>
    </ClCompile>
    <ClCompile Include="StateManager.cpp">
      <Filter>Fichiers sources\managers</Filter>
    </ClCompile>
    <ClCompile Include="MenuState.cpp">
      <Filter>Fichiers sources\states\enfant</Filter>
    </ClCompile>
    <ClCompile Include="Bouton.cpp">
      <Filter>Fichiers sources\Components</Filter>
    </ClCompile>
    <ClCompile Include="InGameMenu.cpp">
      <Filter>Fichiers sources\Components\inGameMenu</Filter>
    </ClCompile>
    <ClCompile Include="Map.cpp">
      <Filter>Fichiers sources\Components\Map</Filter>
    </ClCompile>
    <ClCompile Include="SaveMenu.cpp">
      <Filter>Fichiers sources\Components\inGameMenu</Filter>
    </ClCompile>
    <ClCompile Include="Layer.cpp">
      <Filter>Fichiers sources\Components\Map</Filter>
    </ClCompile>
    <ClCompile Include="Player.cpp">
      <Filter>Fichiers sources\Components\Entity\Player</Filter>
    </ClCompile>
    <ClCompile Include="Entity.cpp">
      <Filter>Fichiers sources\Components\Entity</Filter>
    </ClCompile>
    <ClCompile Include="tools.cpp">
      <Filter>Fichiers sources\tools</Filter>
    </ClCompile>
    <ClCompile Include="DB.cpp">
      <Filter>Fichiers sources\tools</Filter>
    </ClCompile>
    <ClCompile Include="Move.cpp">
      <Filter>Fichiers sources\Components\Pokemons</Filter>
    </ClCompile>
    <ClCompile Include="Pokemon.cpp">
      <Filter>Fichiers sources\Components\Pokemons</Filter>
    </ClCompile>
    <ClCompile Include="Team.cpp">
      <Filter>Fichiers sources\Components\Pokemons</Filter>
    </ClCompile>
    <ClCompile Include="CombatState.cpp">
      <Filter>Fichiers sources\states\enfant\combat</Filter>
    </ClCompile>
    <ClCompile Include="PokemonMenu.cpp">
      <Filter>Fichiers sources\Components\inGameMenu</Filter>
    </ClCompile>
    <ClCompile Include="pokemonInGameInfoBar.cpp">
      <Filter>Fichiers sources\Components\Pokemons</Filter>
    </ClCompile>
    <ClCompile Include="NewGameState.cpp">
      <Filter>Fichiers sources\states\enfant</Filter>
    </ClCompile>
    <ClCompile Include="Pnj.cpp">
      <Filter>Fichiers sources\Components\Entity\PNJ</Filter>
    </ClCompile>
    <ClCompile Include="Item.cpp">
      <Filter>Fichiers sources\Components\Pokemons\Item</Filter>
    </ClCompile>
    <ClCompile Include="Ball.cpp">
      <Filter>Fichiers sources\Components\Pokemons\Item\enfant</Filter>
    </ClCompile>
    <ClCompile Include="Inventory.cpp">
      <Filter>Fichiers sources\Components\Inventory</Filter>
    </ClCompile>
    <ClCompile Include="BallInventory.cpp">
      <Filter>Fichiers sources\Components\Inventory\enfant</Filter>
    </ClCompile>
    <ClCompile Include="WildPokemonState.cpp">
      <Filter>Fichiers sources\states\enfant\combat\enfant</Filter>
    </ClCompile>
    <ClCompile Include="DresseurCombatState.cpp">
      <Filter>Fichiers sources\states\enfant\combat\enfant</Filter>
    </ClCompile>
    <ClCompile Include="DialogueBarre.cpp">
      <Filter>Fichiers sources\Components</Filter>
    </ClCompile>
  </ItemGroup>
  <ItemGroup>
    <ClInclude Include="MenuState.h">
      <Filter>Fichiers d%27en-tête\states\enfant</Filter>
    </ClInclude>
    <ClInclude Include="GameState.h">
      <Filter>Fichiers d%27en-tête\states\enfant</Filter>
    </ClInclude>
    <ClInclude Include="State.h">
      <Filter>Fichiers d%27en-tête\states</Filter>
    </ClInclude>
    <ClInclude Include="StateManager.h">
      <Filter>Fichiers d%27en-tête\managers</Filter>
    </ClInclude>
    <ClInclude Include="Bouton.h">
      <Filter>Fichiers d%27en-tête\Components</Filter>
    </ClInclude>
    <ClInclude Include="Map.h">
      <Filter>Fichiers d%27en-tête\Map</Filter>
    </ClInclude>
    <ClInclude Include="InGameMenu.h">
      <Filter>Fichiers d%27en-tête\Components\inGameMenu</Filter>
    </ClInclude>
    <ClInclude Include="SaveMenu.h">
      <Filter>Fichiers d%27en-tête\Components\inGameMenu</Filter>
    </ClInclude>
    <ClInclude Include="Layer.h">
      <Filter>Fichiers d%27en-tête\Map</Filter>
    </ClInclude>
    <ClInclude Include="Player.h">
      <Filter>Fichiers d%27en-tête\Components\Entity\Player</Filter>
    </ClInclude>
    <ClInclude Include="tools.h">
      <Filter>Fichiers d%27en-tête\tools</Filter>
    </ClInclude>
    <ClInclude Include="DB.h">
      <Filter>Fichiers d%27en-tête\tools</Filter>
    </ClInclude>
    <ClInclude Include="Pokemon.h">
      <Filter>Fichiers d%27en-tête\Components\Pokemons</Filter>
    </ClInclude>
    <ClInclude Include="Move.h">
      <Filter>Fichiers d%27en-tête\Components\Pokemons</Filter>
    </ClInclude>
    <ClInclude Include="Team.h">
      <Filter>Fichiers d%27en-tête\Components\Pokemons</Filter>
    </ClInclude>
    <ClInclude Include="Entity.h">
      <Filter>Fichiers d%27en-tête\Components\Entity</Filter>
    </ClInclude>
    <ClInclude Include="CombatState.h">
      <Filter>Fichiers d%27en-tête\states\enfant\combat</Filter>
    </ClInclude>
    <ClInclude Include="PokemonMenu.h">
      <Filter>Fichiers d%27en-tête\Components\inGameMenu</Filter>
    </ClInclude>
    <ClInclude Include="pokemonInGameInfoBar.h">
      <Filter>Fichiers d%27en-tête\Components\Pokemons</Filter>
    </ClInclude>
    <ClInclude Include="resource.h">
      <Filter>Fichiers d%27en-tête</Filter>
    </ClInclude>
    <ClInclude Include="NewGameState.h">
      <Filter>Fichiers d%27en-tête\states\enfant</Filter>
    </ClInclude>
    <ClInclude Include="Pnj.h">
      <Filter>Fichiers d%27en-tête\Components\Entity\PNJ</Filter>
    </ClInclude>
    <ClInclude Include="Item.h">
      <Filter>Fichiers d%27en-tête\Components\Pokemons\Item</Filter>
    </ClInclude>
    <ClInclude Include="Ball.h">
      <Filter>Fichiers d%27en-tête\Components\Pokemons\Item\enfant</Filter>
    </ClInclude>
    <ClInclude Include="Inventory.h">
      <Filter>Fichiers d%27en-tête\Components\Inventory</Filter>
    </ClInclude>
    <ClInclude Include="BallInventory.h">
      <Filter>Fichiers d%27en-tête\Components\Inventory\enfant</Filter>
    </ClInclude>
    <ClInclude Include="DresseurCombatState.h">
      <Filter>Fichiers d%27en-tête\states\enfant\combat\enfant</Filter>
    </ClInclude>
    <ClInclude Include="WildPokemonState.h">
      <Filter>Fichiers d%27en-tête\states\enfant\combat\enfant</Filter>
    </ClInclude>
    <ClInclude Include="DialogueBarre.h">
      <Filter>Fichiers d%27en-tête\Components</Filter>
    </ClInclude>
  </ItemGroup>
  <ItemGroup>
    <ResourceCompile Include="exam.rc">
      <Filter>Fichiers de ressources</Filter>
    </ResourceCompile>
  </ItemGroup>
</Project>